
Microsoft Visual Studio Solution File, Format Version 12.00
# Visual Studio Version 17
VisualStudioVersion = 17.5.002.0
MinimumVisualStudioVersion = 10.0.40219.1
Project("{9A19103F-16F7-4668-BE54-9A1E7A4F7556}") = "HelloWorld", "HelloWorld.csproj", "{E3A49FFE-1602-4404-B933-9059CFFE0A11}"
EndProject
Global
	GlobalSection(SolutionConfigurationPlatforms) = preSolution
		Debug|Any CPU = Debug|Any CPU
		Release|Any CPU = Release|Any CPU
	EndGlobalSection
	GlobalSection(ProjectConfigurationPlatforms) = postSolution
		{E3A49FFE-1602-4404-B933-9059CFFE0A11}.Debug|Any CPU.ActiveCfg = Debug|Any CPU
		{E3A49FFE-1602-4404-B933-9059CFFE0A11}.Debug|Any CPU.Build.0 = Debug|Any CPU
		{E3A49FFE-1602-4404-B933-9059CFFE0A11}.Release|Any CPU.ActiveCfg = Release|Any CPU
		{E3A49FFE-1602-4404-B933-9059CFFE0A11}.Release|Any CPU.Build.0 = Release|Any CPU
	EndGlobalSection
	GlobalSection(SolutionProperties) = preSolution
		HideSolutionNode = FALSE
	EndGlobalSection
	GlobalSection(ExtensibilityGlobals) = postSolution
		SolutionGuid = {A70EE768-3F8E-4DD6-AA7F-48AD7C39F6D5}
	EndGlobalSection
EndGlobal
